
Microsoft Visual Studio Solution File, Format Version 11.00
# Visual Studio 2010
Project("{FAE04EC0-301F-11D3-BF4B-00C04F79EFBC}") = "Rw", "Rw\Rw.csproj", "{808DEAA2-8156-4D5E-A4E6-C51B911B88E8}"
EndProject
Project("{FAE04EC0-301F-11D3-BF4B-00C04F79EFBC}") = "Rw.Console", "Rw.Console\Rw.Console.csproj", "{2ADAB528-D099-49AF-9105-DA473575A873}"
EndProject
Project("{2150E333-8FDC-42A3-9474-1A3956D46DE8}") = "Files", "Files", "{BC553916-B0F2-4F02-B3D2-A8E69CA0583A}"
	ProjectSection(SolutionItems) = preProject
		Grammar.txt = Grammar.txt
		TestFile.rw = TestFile.rw
		TODO.txt = TODO.txt
		README.md = README.md
		Kernel.rw = Kernel.rw
	EndProjectSection
EndProject
Global
	GlobalSection(SolutionConfigurationPlatforms) = preSolution
		Debug|Any CPU = Debug|Any CPU
		Release|Any CPU = Release|Any CPU
	EndGlobalSection
	GlobalSection(ProjectConfigurationPlatforms) = postSolution
		{2ADAB528-D099-49AF-9105-DA473575A873}.Debug|Any CPU.ActiveCfg = Debug|Any CPU
		{2ADAB528-D099-49AF-9105-DA473575A873}.Debug|Any CPU.Build.0 = Debug|Any CPU
		{2ADAB528-D099-49AF-9105-DA473575A873}.Release|Any CPU.ActiveCfg = Release|Any CPU
		{2ADAB528-D099-49AF-9105-DA473575A873}.Release|Any CPU.Build.0 = Release|Any CPU
		{808DEAA2-8156-4D5E-A4E6-C51B911B88E8}.Debug|Any CPU.ActiveCfg = Debug|Any CPU
		{808DEAA2-8156-4D5E-A4E6-C51B911B88E8}.Debug|Any CPU.Build.0 = Debug|Any CPU
		{808DEAA2-8156-4D5E-A4E6-C51B911B88E8}.Release|Any CPU.ActiveCfg = Release|Any CPU
		{808DEAA2-8156-4D5E-A4E6-C51B911B88E8}.Release|Any CPU.Build.0 = Release|Any CPU
	EndGlobalSection
	GlobalSection(NestedProjects) = preSolution
	EndGlobalSection
	GlobalSection(MonoDevelopProperties) = preSolution
		StartupItem = Rw.Console\Rw.Console.csproj
	EndGlobalSection
EndGlobal
